// !$*UTF8*$!
{
	archiveVersion = 1;
	classes = {
	};
	objectVersion = 46;
	objects = {

/* Begin PBXBuildFile section */
		04DCCF021C7ADFA700E8636F /* main.m in Sources */ = {isa = PBXBuildFile; fileRef = 04DCCF011C7ADFA700E8636F /* main.m */; };
		04DCCF051C7ADFA700E8636F /* AppDelegate.m in Sources */ = {isa = PBXBuildFile; fileRef = 04DCCF041C7ADFA700E8636F /* AppDelegate.m */; };
		04DCCF081C7ADFA700E8636F /* ViewController.m in Sources */ = {isa = PBXBuildFile; fileRef = 04DCCF071C7ADFA700E8636F /* ViewController.m */; };
		04DCCF0B1C7ADFA700E8636F /* Main.storyboard in Resources */ = {isa = PBXBuildFile; fileRef = 04DCCF091C7ADFA700E8636F /* Main.storyboard */; };
		04DCCF0D1C7ADFA700E8636F /* Assets.xcassets in Resources */ = {isa = PBXBuildFile; fileRef = 04DCCF0C1C7ADFA700E8636F /* Assets.xcassets */; };
		04DCCF101C7ADFA700E8636F /* LaunchScreen.storyboard in Resources */ = {isa = PBXBuildFile; fileRef = 04DCCF0E1C7ADFA700E8636F /* LaunchScreen.storyboard */; };
		04DCCF1C1C7AE01700E8636F /* LPActionSheetCell.m in Sources */ = {isa = PBXBuildFile; fileRef = 04DCCF191C7AE01700E8636F /* LPActionSheetCell.m */; };
		04DCCF1D1C7AE01700E8636F /* LPActionSheetView.m in Sources */ = {isa = PBXBuildFile; fileRef = 04DCCF1B1C7AE01700E8636F /* LPActionSheetView.m */; };
/* End PBXBuildFile section */

/* Begin PBXFileReference section */
		04DCCEFD1C7ADFA700E8636F /* LPActionSheetViewSample.app */ = {isa = PBXFileReference; explicitFileType = wrapper.application; includeInIndex = 0; path = LPActionSheetViewSample.app; sourceTree = BUILT_PRODUCTS_DIR; };
		04DCCF011C7ADFA700E8636F /* main.m */ = {isa = PBXFileReference; lastKnownFileType = sourcecode.c.objc; path = main.m; sourceTree = "<group>"; };
		04DCCF031C7ADFA700E8636F /* AppDelegate.h */ = {isa = PBXFileReference; lastKnownFileType = sourcecode.c.h; path = AppDelegate.h; sourceTree = "<group>"; };
		04DCCF041C7ADFA700E8636F /* AppDelegate.m */ = {isa = PBXFileReference; lastKnownFileType = sourcecode.c.objc; path = AppDelegate.m; sourceTree = "<group>"; };
		04DCCF061C7ADFA700E8636F /* ViewController.h */ = {isa = PBXFileReference; lastKnownFileType = sourcecode.c.h; path = ViewController.h; sourceTree = "<group>"; };
		04DCCF071C7ADFA700E8636F /* ViewController.m */ = {isa = PBXFileReference; lastKnownFileType = sourcecode.c.objc; path = ViewController.m; sourceTree = "<group>"; };
		04DCCF0A1C7ADFA700E8636F /* Base */ = {isa = PBXFileReference; lastKnownFileType = file.storyboard; name = Base; path = Base.lproj/Main.storyboard; sourceTree = "<group>"; };
		04DCCF0C1C7ADFA700E8636F /* Assets.xcassets */ = {isa = PBXFileReference; lastKnownFileType = folder.assetcatalog; path = Assets.xcassets; sourceTree = "<group>"; };
		04DCCF0F1C7ADFA700E8636F /* Base */ = {isa = PBXFileReference; lastKnownFileType = file.storyboard; name = Base; path = Base.lproj/LaunchScreen.storyboard; sourceTree = "<group>"; };
		04DCCF111C7ADFA700E8636F /* Info.plist */ = {isa = PBXFileReference; lastKnownFileType = text.plist.xml; path = Info.plist; sourceTree = "<group>"; };
		04DCCF181C7AE01700E8636F /* LPActionSheetCell.h */ = {isa = PBXFileReference; fileEncoding = 4; lastKnownFileType = sourcecode.c.h; path = LPActionSheetCell.h; sourceTree = "<group>"; };
		04DCCF191C7AE01700E8636F /* LPActionSheetCell.m */ = {isa = PBXFileReference; fileEncoding = 4; lastKnownFileType = sourcecode.c.objc; path = LPActionSheetCell.m; sourceTree = "<group>"; };
		04DCCF1A1C7AE01700E8636F /* LPActionSheetView.h */ = {isa = PBXFileReference; fileEncoding = 4; lastKnownFileType = sourcecode.c.h; path = LPActionSheetView.h; sourceTree = "<group>"; };
		04DCCF1B1C7AE01700E8636F /* LPActionSheetView.m */ = {isa = PBXFileReference; fileEncoding = 4; lastKnownFileType = sourcecode.c.objc; path = LPActionSheetView.m; sourceTree = "<group>"; };
/* End PBXFileReference section */

/* Begin PBXFrameworksBuildPhase section */
		04DCCEFA1C7ADFA700E8636F /* Frameworks */ = {
			isa = PBXFrameworksBuildPhase;
			buildActionMask = 2147483647;
			files = (
			);
			runOnlyForDeploymentPostprocessing = 0;
		};
/* End PBXFrameworksBuildPhase section */

/* Begin PBXGroup section */
		04DCCEF41C7ADFA700E8636F = {
			isa = PBXGroup;
			children = (
				04DCCEFF1C7ADFA700E8636F /* LPActionSheetViewSample */,
				04DCCEFE1C7ADFA700E8636F /* Products */,
			);
			sourceTree = "<group>";
		};
		04DCCEFE1C7ADFA700E8636F /* Products */ = {
			isa = PBXGroup;
			children = (
				04DCCEFD1C7ADFA700E8636F /* LPActionSheetViewSample.app */,
			);
			name = Products;
			sourceTree = "<group>";
		};
		04DCCEFF1C7ADFA700E8636F /* LPActionSheetViewSample */ = {
			isa = PBXGroup;
			children = (
				04DCCF171C7AE01700E8636F /* LPActionSheetView */,
				04DCCF031C7ADFA700E8636F /* AppDelegate.h */,
				04DCCF041C7ADFA700E8636F /* AppDelegate.m */,
				04DCCF061C7ADFA700E8636F /* ViewController.h */,
				04DCCF071C7ADFA700E8636F /* ViewController.m */,
				04DCCF091C7ADFA700E8636F /* Main.storyboard */,
				04DCCF0C1C7ADFA700E8636F /* Assets.xcassets */,
				04DCCF0E1C7ADFA700E8636F /* LaunchScreen.storyboard */,
				04DCCF111C7ADFA700E8636F /* Info.plist */,
				04DCCF001C7ADFA700E8636F /* Supporting Files */,
			);
			path = LPActionSheetViewSample;
			sourceTree = "<group>";
		};
		04DCCF001C7ADFA700E8636F /* Supporting Files */ = {
			isa = PBXGroup;
			children = (
				04DCCF011C7ADFA700E8636F /* main.m */,
			);
			name = "Supporting Files";
			sourceTree = "<group>";
		};
		04DCCF171C7AE01700E8636F /* LPActionSheetView */ = {
			isa = PBXGroup;
			children = (
				04DCCF181C7AE01700E8636F /* LPActionSheetCell.h */,
				04DCCF191C7AE01700E8636F /* LPActionSheetCell.m */,
				04DCCF1A1C7AE01700E8636F /* LPActionSheetView.h */,
				04DCCF1B1C7AE01700E8636F /* LPActionSheetView.m */,
			);
			path = LPActionSheetView;
			sourceTree = "<group>";
		};
/* End PBXGroup section */

/* Begin PBXNativeTarget section */
		04DCCEFC1C7ADFA700E8636F /* LPActionSheetViewSample */ = {
			isa = PBXNativeTarget;
			buildConfigurationList = 04DCCF141C7ADFA700E8636F /* Build configuration list for PBXNativeTarget "LPActionSheetViewSample" */;
			buildPhases = (
				04DCCEF91C7ADFA700E8636F /* Sources */,
				04DCCEFA1C7ADFA700E8636F /* Frameworks */,
				04DCCEFB1C7ADFA700E8636F /* Resources */,
			);
			buildRules = (
			);
			dependencies = (
			);
			name = LPActionSheetViewSample;
			productName = LPActionSheetViewSample;
			productReference = 04DCCEFD1C7ADFA700E8636F /* LPActionSheetViewSample.app */;
			productType = "com.apple.product-type.application";
		};
/* End PBXNativeTarget section */

/* Begin PBXProject section */
		04DCCEF51C7ADFA700E8636F /* Project object */ = {
			isa = PBXProject;
			attributes = {
				LastUpgradeCheck = 0720;
				ORGANIZATIONNAME = "litt1e-p";
				TargetAttributes = {
					04DCCEFC1C7ADFA700E8636F = {
						CreatedOnToolsVersion = 7.2.1;
					};
				};
			};
			buildConfigurationList = 04DCCEF81C7ADFA700E8636F /* Build configuration list for PBXProject "LPActionSheetViewSample" */;
			compatibilityVersion = "Xcode 3.2";
			developmentRegion = English;
			hasScannedForEncodings = 0;
			knownRegions = (
				en,
				Base,
			);
			mainGroup = 04DCCEF41C7ADFA700E8636F;
			productRefGroup = 04DCCEFE1C7ADFA700E8636F /* Products */;
			projectDirPath = "";
			projectRoot = "";
			targets = (
				04DCCEFC1C7ADFA700E8636F /* LPActionSheetViewSample */,
			);
		};
/* End PBXProject section */

/* Begin PBXResourcesBuildPhase section */
		04DCCEFB1C7ADFA700E8636F /* Resources */ = {
			isa = PBXResourcesBuildPhase;
			buildActionMask = 2147483647;
			files = (
				04DCCF101C7ADFA700E8636F /* LaunchScreen.storyboard in Resources */,
				04DCCF0D1C7ADFA700E8636F /* Assets.xcassets in Resources */,
				04DCCF0B1C7ADFA700E8636F /* Main.storyboard in Resources */,
			);
			runOnlyForDeploymentPostprocessing = 0;
		};
/* End PBXResourcesBuildPhase section */

/* Begin PBXSourcesBuildPhase section */
		04DCCEF91C7ADFA700E8636F /* Sources */ = {
			isa = PBXSourcesBuildPhase;
			buildActionMask = 2147483647;
			files = (
				04DCCF081C7ADFA700E8636F /* ViewController.m in Sources */,
				04DCCF1C1C7AE01700E8636F /* LPActionSheetCell.m in Sources */,
				04DCCF051C7ADFA700E8636F /* AppDelegate.m in Sources */,
				04DCCF021C7ADFA700E8636F /* main.m in Sources */,
				04DCCF1D1C7AE01700E8636F /* LPActionSheetView.m in Sources */,
			);
			runOnlyForDeploymentPostprocessing = 0;
		};
/* End PBXSourcesBuildPhase section */

/* Begin PBXVariantGroup section */
		04DCCF091C7ADFA700E8636F /* Main.storyboard */ = {
			isa = PBXVariantGroup;
			children = (
				04DCCF0A1C7ADFA700E8636F /* Base */,
			);
			name = Main.storyboard;
			sourceTree = "<group>";
		};
		04DCCF0E1C7ADFA700E8636F /* LaunchScreen.storyboard */ = {
			isa = PBXVariantGroup;
			children = (
				04DCCF0F1C7ADFA700E8636F /* Base */,
			);
			name = LaunchScreen.storyboard;
			sourceTree = "<group>";
		};
/* End PBXVariantGroup section */

/* Begin XCBuildConfiguration section */
		04DCCF121C7ADFA700E8636F /* Debug */ = {
			isa = XCBuildConfiguration;
			buildSettings = {
				ALWAYS_SEARCH_USER_PATHS = NO;
				CLANG_CXX_LANGUAGE_STANDARD = "gnu++0x";
				CLANG_CXX_LIBRARY = "libc++";
				CLANG_ENABLE_MODULES = YES;
				CLANG_ENABLE_OBJC_ARC = YES;
				CLANG_WARN_BOOL_CONVERSION = YES;
				CLANG_WARN_CONSTANT_CONVERSION = YES;
				CLANG_WARN_DIRECT_OBJC_ISA_USAGE = YES_ERROR;
				CLANG_WARN_EMPTY_BODY = YES;
				CLANG_WARN_ENUM_CONVERSION = YES;
				CLANG_WARN_INT_CONVERSION = YES;
				CLANG_WARN_OBJC_ROOT_CLASS = YES_ERROR;
				CLANG_WARN_UNREACHABLE_CODE = YES;
				CLANG_WARN__DUPLICATE_METHOD_MATCH = YES;
				"CODE_SIGN_IDENTITY[sdk=iphoneos*]" = "iPhone Developer";
				COPY_PHASE_STRIP = NO;
				DEBUG_INFORMATION_FORMAT = dwarf;
				ENABLE_STRICT_OBJC_MSGSEND = YES;
				ENABLE_TESTABILITY = YES;
				GCC_C_LANGUAGE_STANDARD = gnu99;
				GCC_DYNAMIC_NO_PIC = NO;
				GCC_NO_COMMON_BLOCKS = YES;
				GCC_OPTIMIZATION_LEVEL = 0;
				GCC_PREPROCESSOR_DEFINITIONS = (
					"DEBUG=1",
					"$(inherited)",
				);
				GCC_WARN_64_TO_32_BIT_CONVERSION = YES;
				GCC_WARN_ABOUT_RETURN_TYPE = YES_ERROR;
				GCC_WARN_UNDECLARED_SELECTOR = YES;
				GCC_WARN_UNINITIALIZED_AUTOS = YES_AGGRESSIVE;
				GCC_WARN_UNUSED_FUNCTION = YES;
				GCC_WARN_UNUSED_VARIABLE = YES;
				IPHONEOS_DEPLOYMENT_TARGET = 9.2;
				MTL_ENABLE_DEBUG_INFO = YES;
				ONLY_ACTIVE_ARCH = YES;
				SDKROOT = iphoneos;
			};
			name = Debug;
		};
		04DCCF131C7ADFA700E8636F /* Release */ = {
			isa = XCBuildConfiguration;
			buildSettings = {
				ALWAYS_SEARCH_USER_PATHS = NO;
				CLANG_CXX_LANGUAGE_STANDARD = "gnu++0x";
				CLANG_CXX_LIBRARY = "libc++";
				CLANG_ENABLE_MODULES = YES;
				CLANG_ENABLE_OBJC_ARC = YES;
				CLANG_WARN_BOOL_CONVERSION = YES;
				CLANG_WARN_CONSTANT_CONVERSION = YES;
				CLANG_WARN_DIRECT_OBJC_ISA_USAGE = YES_ERROR;
				CLANG_WARN_EMPTY_BODY = YES;
				CLANG_WARN_ENUM_CONVERSION = YES;
				CLANG_WARN_INT_CONVERSION = YES;
				CLANG_WARN_OBJC_ROOT_CLASS = YES_ERROR;
				CLANG_WARN_UNREACHABLE_CODE = YES;
				CLANG_WARN__DUPLICATE_METHOD_MATCH = YES;
				"CODE_SIGN_IDENTITY[sdk=iphoneos*]" = "iPhone Developer";
				COPY_PHASE_STRIP = NO;
				DEBUG_INFORMATION_FORMAT = "dwarf-with-dsym";
				ENABLE_NS_ASSERTIONS = NO;
				ENABLE_STRICT_OBJC_MSGSEND = YES;
				GCC_C_LANGUAGE_STANDARD = gnu99;
				GCC_NO_COMMON_BLOCKS = YES;
				GCC_WARN_64_TO_32_BIT_CONVERSION = YES;
				GCC_WARN_ABOUT_RETURN_TYPE = YES_ERROR;
				GCC_WARN_UNDECLARED_SELECTOR = YES;
				GCC_WARN_UNINITIALIZED_AUTOS = YES_AGGRESSIVE;
				GCC_WARN_UNUSED_FUNCTION = YES;
				GCC_WARN_UNUSED_VARIABLE = YES;
				IPHONEOS_DEPLOYMENT_TARGET = 9.2;
				MTL_ENABLE_DEBUG_INFO = NO;
				SDKROOT = iphoneos;
				VALIDATE_PRODUCT = YES;
			};
			name = Release;
		};
		04DCCF151C7ADFA700E8636F /* Debug */ = {
			isa = XCBuildConfiguration;
			buildSettings = {
				ASSETCATALOG_COMPILER_APPICON_NAME = AppIcon;
				INFOPLIST_FILE = LPActionSheetViewSample/Info.plist;
				LD_RUNPATH_SEARCH_PATHS = "$(inherited) @executable_path/Frameworks";
				PRODUCT_BUNDLE_IDENTIFIER = "com.litt1e-p.LPActionSheetViewSample";
				PRODUCT_NAME = "$(TARGET_NAME)";
			};
			name = Debug;
		};
		04DCCF161C7ADFA700E8636F /* Release */ = {
			isa = XCBuildConfiguration;
			buildSettings = {
				ASSETCATALOG_COMPILER_APPICON_NAME = AppIcon;
				INFOPLIST_FILE = LPActionSheetViewSample/Info.plist;
				LD_RUNPATH_SEARCH_PATHS = "$(inherited) @executable_path/Frameworks";
				PRODUCT_BUNDLE_IDENTIFIER = "com.litt1e-p.LPActionSheetViewSample";
				PRODUCT_NAME = "$(TARGET_NAME)";
			};
			name = Release;
		};
/* End XCBuildConfiguration section */

/* Begin XCConfigurationList section */
		04DCCEF81C7ADFA700E8636F /* Build configuration list for PBXProject "LPActionSheetViewSample" */ = {
			isa = XCConfigurationList;
			buildConfigurations = (
				04DCCF121C7ADFA700E8636F /* Debug */,
				04DCCF131C7ADFA700E8636F /* Release */,
			);
			defaultConfigurationIsVisible = 0;
			defaultConfigurationName = Release;
		};
		04DCCF141C7ADFA700E8636F /* Build configuration list for PBXNativeTarget "LPActionSheetViewSample" */ = {
			isa = XCConfigurationList;
			buildConfigurations = (
				04DCCF151C7ADFA700E8636F /* Debug */,
				04DCCF161C7ADFA700E8636F /* Release */,
			);
			defaultConfigurationIsVisible = 0;
		};
/* End XCConfigurationList section */
	};
	rootObject = 04DCCEF51C7ADFA700E8636F /* Project object */;
}
